
Microsoft Visual Studio Solution File, Format Version 12.00
# Visual Studio Version 17
VisualStudioVersion = 17.3.32901.215
MinimumVisualStudioVersion = 10.0.40219.1
Project("{FAE04EC0-301F-11D3-BF4B-00C04F79EFBC}") = "WingtipToys", "WingtipToys\WingtipToys.csproj", "{02388502-31C4-45D8-A3F9-B0A6AC7CF391}"
EndProject
Global
	GlobalSection(SolutionConfigurationPlatforms) = preSolution
		Debug|Any CPU = Debug|Any CPU
		Release|Any CPU = Release|Any CPU
	EndGlobalSection
	GlobalSection(ProjectConfigurationPlatforms) = postSolution
		{02388502-31C4-45D8-A3F9-B0A6AC7CF391}.Debug|Any CPU.ActiveCfg = Debug|Any CPU
		{02388502-31C4-45D8-A3F9-B0A6AC7CF391}.Debug|Any CPU.Build.0 = Debug|Any CPU
		{02388502-31C4-45D8-A3F9-B0A6AC7CF391}.Release|Any CPU.ActiveCfg = Release|Any CPU
		{02388502-31C4-45D8-A3F9-B0A6AC7CF391}.Release|Any CPU.Build.0 = Release|Any CPU
	EndGlobalSection
	GlobalSection(SolutionProperties) = preSolution
		HideSolutionNode = FALSE
	EndGlobalSection
	GlobalSection(ExtensibilityGlobals) = postSolution
		SolutionGuid = {F0EF9F0A-4EB5-4863-B50C-27039F3AE9B2}
	EndGlobalSection
EndGlobal
